lockfileVersion: '6.0'

settings:
  autoInstallPeers: true
  excludeLinksFromLockfile: false

devDependencies:
  '@types/jquery':
    specifier: ^3.5.29
    version: 3.5.29

packages:

  /@types/jquery@3.5.29:
    resolution: {integrity: sha512-oXQQC9X9MOPRrMhPHHOsXqeQDnWeCDT3PelUIg/Oy8FAbzSZtFHRjc7IpbfFVmpLtJ+UOoywpRsuO5Jxjybyeg==}
    dependencies:
      '@types/sizzle': 2.3.8
    dev: true

  /@types/sizzle@2.3.8:
    resolution: {integrity: sha512-0vWLNK2D5MT9dg0iOo8GlKguPAU02QjmZitPEsXRuJXU/OGIOt9vT9Fc26wtYuavLxtO45v9PGleoL9Z0k1LHg==}
    dev: true
